
Microsoft Visual Studio Solution File, Format Version 11.00
# Visual Studio 2010
Project("{FAE04EC0-301F-11D3-BF4B-00C04F79EFBC}") = "NRegFreeCom", "NRegFreeCom\NRegFreeCom.csproj", "{F7B5AE2C-7A0E-4496-A03B-9065C9A9A1C6}"
EndProject
Project("{8BC9CEB8-8B4A-11D0-8D11-00A0C91BC942}") = "RegFreeComNativeImplementer", "RegFreeComNativeImplementer\RegFreeComNativeImplementer.vcxproj", "{78AF6FE7-FC6A-4B13-A42F-06B4CCD434F9}"
EndProject
Project("{FAE04EC0-301F-11D3-BF4B-00C04F79EFBC}") = "RegFreeCom.Interfaces", "RegFreeCom.Interfaces\RegFreeCom.Interfaces.csproj", "{318D444F-8E6D-4823-9F14-9F61F7698B68}"
EndProject
Project("{FAE04EC0-301F-11D3-BF4B-00C04F79EFBC}") = "RegFreeCom.ManagedHost.Win32", "RegFreeCom.ManagedHost\RegFreeCom.ManagedHost.Win32.csproj", "{C339E9CB-1B3A-466F-9F91-BD324BA2FCAE}"
EndProject
Project("{FAE04EC0-301F-11D3-BF4B-00C04F79EFBC}") = "RegFreeCom.Implementations", "RegFreeCom.Implementations\RegFreeCom.Implementations.csproj", "{F3F9979A-65FE-4098-920D-9FB075BC3C7E}"
EndProject
Project("{8BC9CEB8-8B4A-11D0-8D11-00A0C91BC942}") = "RegFreeComNativeConsumer", "RegFreeComNativeConsumer\RegFreeComNativeConsumer.vcxproj", "{6623CA71-25DF-4A93-9688-152CE7C24908}"
EndProject
Project("{FAE04EC0-301F-11D3-BF4B-00C04F79EFBC}") = "RegFreeCom.OutOfProcClient.Win32", "RegFreeCom.OutOfProcClient\RegFreeCom.OutOfProcClient.Win32.csproj", "{246BA468-AF8A-4BEE-B89D-A76BC87639B3}"
EndProject
Project("{FAE04EC0-301F-11D3-BF4B-00C04F79EFBC}") = "RegFreeCom.OutOfProcServer.Win32", "RegFreeCom.OutOfProcServer\RegFreeCom.OutOfProcServer.Win32.csproj", "{7B4FB722-905A-4851-8399-1E0F3361CCD8}"
EndProject
Project("{2150E333-8FDC-42A3-9474-1A3956D46DE8}") = "Solution Items", "Solution Items", "{F7F4181E-0A1D-4910-9AC3-A5C16750F9E8}"
	ProjectSection(SolutionItems) = preProject
		..\README.MD = ..\README.MD
	EndProjectSection
EndProject
Project("{FAE04EC0-301F-11D3-BF4B-00C04F79EFBC}") = "NRegFreeCom.Tests", "NRegFreeCom.Tests\NRegFreeCom.Tests.csproj", "{F952915F-DF3C-4068-B79D-A1475905A985}"
EndProject
Global
	GlobalSection(SolutionConfigurationPlatforms) = preSolution
		Debug|Any CPU = Debug|Any CPU
		Debug|Mixed Platforms = Debug|Mixed Platforms
		Debug|Win32 = Debug|Win32
		Debug|x86 = Debug|x86
		Release|Any CPU = Release|Any CPU
		Release|Mixed Platforms = Release|Mixed Platforms
		Release|Win32 = Release|Win32
		Release|x86 = Release|x86
	EndGlobalSection
	GlobalSection(ProjectConfigurationPlatforms) = postSolution
		{F7B5AE2C-7A0E-4496-A03B-9065C9A9A1C6}.Debug|Any CPU.ActiveCfg = Debug|Any CPU
		{F7B5AE2C-7A0E-4496-A03B-9065C9A9A1C6}.Debug|Any CPU.Build.0 = Debug|Any CPU
		{F7B5AE2C-7A0E-4496-A03B-9065C9A9A1C6}.Debug|Mixed Platforms.ActiveCfg = Debug|Any CPU
		{F7B5AE2C-7A0E-4496-A03B-9065C9A9A1C6}.Debug|Mixed Platforms.Build.0 = Debug|Any CPU
		{F7B5AE2C-7A0E-4496-A03B-9065C9A9A1C6}.Debug|Win32.ActiveCfg = Debug|Any CPU
		{F7B5AE2C-7A0E-4496-A03B-9065C9A9A1C6}.Debug|x86.ActiveCfg = Debug|Any CPU
		{F7B5AE2C-7A0E-4496-A03B-9065C9A9A1C6}.Release|Any CPU.ActiveCfg = Release|Any CPU
		{F7B5AE2C-7A0E-4496-A03B-9065C9A9A1C6}.Release|Any CPU.Build.0 = Release|Any CPU
		{F7B5AE2C-7A0E-4496-A03B-9065C9A9A1C6}.Release|Mixed Platforms.ActiveCfg = Release|Any CPU
		{F7B5AE2C-7A0E-4496-A03B-9065C9A9A1C6}.Release|Mixed Platforms.Build.0 = Release|Any CPU
		{F7B5AE2C-7A0E-4496-A03B-9065C9A9A1C6}.Release|Win32.ActiveCfg = Release|Any CPU
		{F7B5AE2C-7A0E-4496-A03B-9065C9A9A1C6}.Release|x86.ActiveCfg = Release|Any CPU
		{78AF6FE7-FC6A-4B13-A42F-06B4CCD434F9}.Debug|Any CPU.ActiveCfg = Debug|Win32
		{78AF6FE7-FC6A-4B13-A42F-06B4CCD434F9}.Debug|Mixed Platforms.ActiveCfg = Debug|Win32
		{78AF6FE7-FC6A-4B13-A42F-06B4CCD434F9}.Debug|Mixed Platforms.Build.0 = Debug|Win32
		{78AF6FE7-FC6A-4B13-A42F-06B4CCD434F9}.Debug|Win32.ActiveCfg = Debug|Win32
		{78AF6FE7-FC6A-4B13-A42F-06B4CCD434F9}.Debug|Win32.Build.0 = Debug|Win32
		{78AF6FE7-FC6A-4B13-A42F-06B4CCD434F9}.Debug|x86.ActiveCfg = Debug|Win32
		{78AF6FE7-FC6A-4B13-A42F-06B4CCD434F9}.Release|Any CPU.ActiveCfg = Release|Win32
		{78AF6FE7-FC6A-4B13-A42F-06B4CCD434F9}.Release|Mixed Platforms.ActiveCfg = Release|Win32
		{78AF6FE7-FC6A-4B13-A42F-06B4CCD434F9}.Release|Mixed Platforms.Build.0 = Release|Win32
		{78AF6FE7-FC6A-4B13-A42F-06B4CCD434F9}.Release|Win32.ActiveCfg = Release|Win32
		{78AF6FE7-FC6A-4B13-A42F-06B4CCD434F9}.Release|Win32.Build.0 = Release|Win32
		{78AF6FE7-FC6A-4B13-A42F-06B4CCD434F9}.Release|x86.ActiveCfg = Release|Win32
		{318D444F-8E6D-4823-9F14-9F61F7698B68}.Debug|Any CPU.ActiveCfg = Debug|Any CPU
		{318D444F-8E6D-4823-9F14-9F61F7698B68}.Debug|Any CPU.Build.0 = Debug|Any CPU
		{318D444F-8E6D-4823-9F14-9F61F7698B68}.Debug|Mixed Platforms.ActiveCfg = Debug|Any CPU
		{318D444F-8E6D-4823-9F14-9F61F7698B68}.Debug|Mixed Platforms.Build.0 = Debug|Any CPU
		{318D444F-8E6D-4823-9F14-9F61F7698B68}.Debug|Win32.ActiveCfg = Debug|Any CPU
		{318D444F-8E6D-4823-9F14-9F61F7698B68}.Debug|x86.ActiveCfg = Debug|Any CPU
		{318D444F-8E6D-4823-9F14-9F61F7698B68}.Release|Any CPU.ActiveCfg = Release|Any CPU
		{318D444F-8E6D-4823-9F14-9F61F7698B68}.Release|Any CPU.Build.0 = Release|Any CPU
		{318D444F-8E6D-4823-9F14-9F61F7698B68}.Release|Mixed Platforms.ActiveCfg = Release|Any CPU
		{318D444F-8E6D-4823-9F14-9F61F7698B68}.Release|Mixed Platforms.Build.0 = Release|Any CPU
		{318D444F-8E6D-4823-9F14-9F61F7698B68}.Release|Win32.ActiveCfg = Release|Any CPU
		{318D444F-8E6D-4823-9F14-9F61F7698B68}.Release|x86.ActiveCfg = Release|Any CPU
		{C339E9CB-1B3A-466F-9F91-BD324BA2FCAE}.Debug|Any CPU.ActiveCfg = Debug|x86
		{C339E9CB-1B3A-466F-9F91-BD324BA2FCAE}.Debug|Mixed Platforms.ActiveCfg = Debug|x86
		{C339E9CB-1B3A-466F-9F91-BD324BA2FCAE}.Debug|Mixed Platforms.Build.0 = Debug|x86
		{C339E9CB-1B3A-466F-9F91-BD324BA2FCAE}.Debug|Win32.ActiveCfg = Debug|x86
		{C339E9CB-1B3A-466F-9F91-BD324BA2FCAE}.Debug|x86.ActiveCfg = Debug|x86
		{C339E9CB-1B3A-466F-9F91-BD324BA2FCAE}.Debug|x86.Build.0 = Debug|x86
		{C339E9CB-1B3A-466F-9F91-BD324BA2FCAE}.Release|Any CPU.ActiveCfg = Release|x86
		{C339E9CB-1B3A-466F-9F91-BD324BA2FCAE}.Release|Mixed Platforms.ActiveCfg = Release|x86
		{C339E9CB-1B3A-466F-9F91-BD324BA2FCAE}.Release|Mixed Platforms.Build.0 = Release|x86
		{C339E9CB-1B3A-466F-9F91-BD324BA2FCAE}.Release|Win32.ActiveCfg = Release|x86
		{C339E9CB-1B3A-466F-9F91-BD324BA2FCAE}.Release|x86.ActiveCfg = Release|x86
		{C339E9CB-1B3A-466F-9F91-BD324BA2FCAE}.Release|x86.Build.0 = Release|x86
		{F3F9979A-65FE-4098-920D-9FB075BC3C7E}.Debug|Any CPU.ActiveCfg = Debug|Any CPU
		{F3F9979A-65FE-4098-920D-9FB075BC3C7E}.Debug|Any CPU.Build.0 = Debug|Any CPU
		{F3F9979A-65FE-4098-920D-9FB075BC3C7E}.Debug|Mixed Platforms.ActiveCfg = Debug|Any CPU
		{F3F9979A-65FE-4098-920D-9FB075BC3C7E}.Debug|Mixed Platforms.Build.0 = Debug|Any CPU
		{F3F9979A-65FE-4098-920D-9FB075BC3C7E}.Debug|Win32.ActiveCfg = Debug|Any CPU
		{F3F9979A-65FE-4098-920D-9FB075BC3C7E}.Debug|x86.ActiveCfg = Debug|Any CPU
		{F3F9979A-65FE-4098-920D-9FB075BC3C7E}.Release|Any CPU.ActiveCfg = Release|Any CPU
		{F3F9979A-65FE-4098-920D-9FB075BC3C7E}.Release|Any CPU.Build.0 = Release|Any CPU
		{F3F9979A-65FE-4098-920D-9FB075BC3C7E}.Release|Mixed Platforms.ActiveCfg = Release|Any CPU
		{F3F9979A-65FE-4098-920D-9FB075BC3C7E}.Release|Mixed Platforms.Build.0 = Release|Any CPU
		{F3F9979A-65FE-4098-920D-9FB075BC3C7E}.Release|Win32.ActiveCfg = Release|Any CPU
		{F3F9979A-65FE-4098-920D-9FB075BC3C7E}.Release|x86.ActiveCfg = Release|Any CPU
		{6623CA71-25DF-4A93-9688-152CE7C24908}.Debug|Any CPU.ActiveCfg = Debug|Win32
		{6623CA71-25DF-4A93-9688-152CE7C24908}.Debug|Mixed Platforms.ActiveCfg = Debug|Win32
		{6623CA71-25DF-4A93-9688-152CE7C24908}.Debug|Mixed Platforms.Build.0 = Debug|Win32
		{6623CA71-25DF-4A93-9688-152CE7C24908}.Debug|Win32.ActiveCfg = Debug|Win32
		{6623CA71-25DF-4A93-9688-152CE7C24908}.Debug|Win32.Build.0 = Debug|Win32
		{6623CA71-25DF-4A93-9688-152CE7C24908}.Debug|x86.ActiveCfg = Debug|Win32
		{6623CA71-25DF-4A93-9688-152CE7C24908}.Release|Any CPU.ActiveCfg = Release|Win32
		{6623CA71-25DF-4A93-9688-152CE7C24908}.Release|Mixed Platforms.ActiveCfg = Release|Win32
		{6623CA71-25DF-4A93-9688-152CE7C24908}.Release|Mixed Platforms.Build.0 = Release|Win32
		{6623CA71-25DF-4A93-9688-152CE7C24908}.Release|Win32.ActiveCfg = Release|Win32
		{6623CA71-25DF-4A93-9688-152CE7C24908}.Release|Win32.Build.0 = Release|Win32
		{6623CA71-25DF-4A93-9688-152CE7C24908}.Release|x86.ActiveCfg = Release|Win32
		{246BA468-AF8A-4BEE-B89D-A76BC87639B3}.Debug|Any CPU.ActiveCfg = Debug|Any CPU
		{246BA468-AF8A-4BEE-B89D-A76BC87639B3}.Debug|Any CPU.Build.0 = Debug|Any CPU
		{246BA468-AF8A-4BEE-B89D-A76BC87639B3}.Debug|Mixed Platforms.ActiveCfg = Debug|Any CPU
		{246BA468-AF8A-4BEE-B89D-A76BC87639B3}.Debug|Mixed Platforms.Build.0 = Debug|Any CPU
		{246BA468-AF8A-4BEE-B89D-A76BC87639B3}.Debug|Win32.ActiveCfg = Debug|Any CPU
		{246BA468-AF8A-4BEE-B89D-A76BC87639B3}.Debug|x86.ActiveCfg = Debug|Any CPU
		{246BA468-AF8A-4BEE-B89D-A76BC87639B3}.Release|Any CPU.ActiveCfg = Release|Any CPU
		{246BA468-AF8A-4BEE-B89D-A76BC87639B3}.Release|Any CPU.Build.0 = Release|Any CPU
		{246BA468-AF8A-4BEE-B89D-A76BC87639B3}.Release|Mixed Platforms.ActiveCfg = Release|Any CPU
		{246BA468-AF8A-4BEE-B89D-A76BC87639B3}.Release|Mixed Platforms.Build.0 = Release|Any CPU
		{246BA468-AF8A-4BEE-B89D-A76BC87639B3}.Release|Win32.ActiveCfg = Release|Any CPU
		{246BA468-AF8A-4BEE-B89D-A76BC87639B3}.Release|x86.ActiveCfg = Release|Any CPU
		{7B4FB722-905A-4851-8399-1E0F3361CCD8}.Debug|Any CPU.ActiveCfg = Debug|Any CPU
		{7B4FB722-905A-4851-8399-1E0F3361CCD8}.Debug|Any CPU.Build.0 = Debug|Any CPU
		{7B4FB722-905A-4851-8399-1E0F3361CCD8}.Debug|Mixed Platforms.ActiveCfg = Debug|Any CPU
		{7B4FB722-905A-4851-8399-1E0F3361CCD8}.Debug|Mixed Platforms.Build.0 = Debug|Any CPU
		{7B4FB722-905A-4851-8399-1E0F3361CCD8}.Debug|Win32.ActiveCfg = Debug|Any CPU
		{7B4FB722-905A-4851-8399-1E0F3361CCD8}.Debug|x86.ActiveCfg = Debug|Any CPU
		{7B4FB722-905A-4851-8399-1E0F3361CCD8}.Release|Any CPU.ActiveCfg = Release|Any CPU
		{7B4FB722-905A-4851-8399-1E0F3361CCD8}.Release|Any CPU.Build.0 = Release|Any CPU
		{7B4FB722-905A-4851-8399-1E0F3361CCD8}.Release|Mixed Platforms.ActiveCfg = Release|Any CPU
		{7B4FB722-905A-4851-8399-1E0F3361CCD8}.Release|Mixed Platforms.Build.0 = Release|Any CPU
		{7B4FB722-905A-4851-8399-1E0F3361CCD8}.Release|Win32.ActiveCfg = Release|Any CPU
		{7B4FB722-905A-4851-8399-1E0F3361CCD8}.Release|x86.ActiveCfg = Release|Any CPU
		{F952915F-DF3C-4068-B79D-A1475905A985}.Debug|Any CPU.ActiveCfg = Debug|Any CPU
		{F952915F-DF3C-4068-B79D-A1475905A985}.Debug|Any CPU.Build.0 = Debug|Any CPU
		{F952915F-DF3C-4068-B79D-A1475905A985}.Debug|Mixed Platforms.ActiveCfg = Debug|Any CPU
		{F952915F-DF3C-4068-B79D-A1475905A985}.Debug|Mixed Platforms.Build.0 = Debug|Any CPU
		{F952915F-DF3C-4068-B79D-A1475905A985}.Debug|Win32.ActiveCfg = Debug|Any CPU
		{F952915F-DF3C-4068-B79D-A1475905A985}.Debug|x86.ActiveCfg = Debug|Any CPU
		{F952915F-DF3C-4068-B79D-A1475905A985}.Release|Any CPU.ActiveCfg = Release|Any CPU
		{F952915F-DF3C-4068-B79D-A1475905A985}.Release|Any CPU.Build.0 = Release|Any CPU
		{F952915F-DF3C-4068-B79D-A1475905A985}.Release|Mixed Platforms.ActiveCfg = Release|Any CPU
		{F952915F-DF3C-4068-B79D-A1475905A985}.Release|Mixed Platforms.Build.0 = Release|Any CPU
		{F952915F-DF3C-4068-B79D-A1475905A985}.Release|Win32.ActiveCfg = Release|Any CPU
		{F952915F-DF3C-4068-B79D-A1475905A985}.Release|x86.ActiveCfg = Release|Any CPU
	EndGlobalSection
	GlobalSection(SolutionProperties) = preSolution
		HideSolutionNode = FALSE
	EndGlobalSection
EndGlobal
