
Microsoft Visual Studio Solution File, Format Version 11.00
# Visual Studio 2010
Project("{FAE04EC0-301F-11D3-BF4B-00C04F79EFBC}") = "NRegFreeCom", "NRegFreeCom\NRegFreeCom.csproj", "{F7B5AE2C-7A0E-4496-A03B-9065C9A9A1C6}"
EndProject
Project("{8BC9CEB8-8B4A-11D0-8D11-00A0C91BC942}") = "RegFreeComNativeImplementer", "RegFreeComNativeImplementer\RegFreeComNativeImplementer.vcxproj", "{78AF6FE7-FC6A-4B13-A42F-06B4CCD434F9}"
	ProjectSection(ProjectDependencies) = postProject
		{318D444F-8E6D-4823-9F14-9F61F7698B68} = {318D444F-8E6D-4823-9F14-9F61F7698B68}
	EndProjectSection
EndProject
Project("{FAE04EC0-301F-11D3-BF4B-00C04F79EFBC}") = "RegFreeCom.Interfaces", "RegFreeCom.Interfaces\RegFreeCom.Interfaces.csproj", "{318D444F-8E6D-4823-9F14-9F61F7698B68}"
EndProject
Project("{FAE04EC0-301F-11D3-BF4B-00C04F79EFBC}") = "RegFreeCom.ManagedHost.Win32", "RegFreeCom.ManagedHost\RegFreeCom.ManagedHost.Win32.csproj", "{C339E9CB-1B3A-466F-9F91-BD324BA2FCAE}"
EndProject
Project("{FAE04EC0-301F-11D3-BF4B-00C04F79EFBC}") = "RegFreeCom.Implementations", "RegFreeCom.Implementations\RegFreeCom.Implementations.csproj", "{F3F9979A-65FE-4098-920D-9FB075BC3C7E}"
EndProject
Project("{8BC9CEB8-8B4A-11D0-8D11-00A0C91BC942}") = "RegFreeComNativeConsumer", "RegFreeComNativeConsumer\RegFreeComNativeConsumer.vcxproj", "{6623CA71-25DF-4A93-9688-152CE7C24908}"
	ProjectSection(ProjectDependencies) = postProject
		{318D444F-8E6D-4823-9F14-9F61F7698B68} = {318D444F-8E6D-4823-9F14-9F61F7698B68}
	EndProjectSection
EndProject
Project("{FAE04EC0-301F-11D3-BF4B-00C04F79EFBC}") = "RegFreeCom.OutOfProcClient.Win32", "RegFreeCom.OutOfProcClient\RegFreeCom.OutOfProcClient.Win32.csproj", "{246BA468-AF8A-4BEE-B89D-A76BC87639B3}"
EndProject
Project("{FAE04EC0-301F-11D3-BF4B-00C04F79EFBC}") = "RegFreeCom.OutOfProcServer.Win32", "RegFreeCom.OutOfProcServer\RegFreeCom.OutOfProcServer.Win32.csproj", "{7B4FB722-905A-4851-8399-1E0F3361CCD8}"
EndProject
Project("{2150E333-8FDC-42A3-9474-1A3956D46DE8}") = "Solution Items", "Solution Items", "{F7F4181E-0A1D-4910-9AC3-A5C16750F9E8}"
EndProject
Project("{FAE04EC0-301F-11D3-BF4B-00C04F79EFBC}") = "NRegFreeCom.Tests.Win32", "NRegFreeCom.Tests\NRegFreeCom.Tests.Win32.csproj", "{F952915F-DF3C-4068-B79D-A1475905A985}"
	ProjectSection(ProjectDependencies) = postProject
		{43F37471-7928-4FEA-B865-0241A1EB328D} = {43F37471-7928-4FEA-B865-0241A1EB328D}
		{6623CA71-25DF-4A93-9688-152CE7C24908} = {6623CA71-25DF-4A93-9688-152CE7C24908}
		{F3F9979A-65FE-4098-920D-9FB075BC3C7E} = {F3F9979A-65FE-4098-920D-9FB075BC3C7E}
		{CC23D6DF-245D-4D2D-915D-7CF3ACE72BD3} = {CC23D6DF-245D-4D2D-915D-7CF3ACE72BD3}
		{78AF6FE7-FC6A-4B13-A42F-06B4CCD434F9} = {78AF6FE7-FC6A-4B13-A42F-06B4CCD434F9}
	EndProjectSection
EndProject
Project("{8BC9CEB8-8B4A-11D0-8D11-00A0C91BC942}") = "NativeLibrary", "NativeLibrary\NativeLibrary.vcxproj", "{CC23D6DF-245D-4D2D-915D-7CF3ACE72BD3}"
EndProject
Project("{8BC9CEB8-8B4A-11D0-8D11-00A0C91BC942}") = "NativeLibraryConsumer", "NativeLibraryConsumer\NativeLibraryConsumer.vcxproj", "{43F37471-7928-4FEA-B865-0241A1EB328D}"
EndProject
Project("{FAE04EC0-301F-11D3-BF4B-00C04F79EFBC}") = "RuntimeRegCom.OutOfProcServer.Win32", "RuntimeRegCom.OutOfProcServer.Win32\RuntimeRegCom.OutOfProcServer.Win32.csproj", "{0F1DA357-D2F0-486F-A0E5-CC4B4B4575C1}"
EndProject
Project("{FAE04EC0-301F-11D3-BF4B-00C04F79EFBC}") = "RuntimeRegCom.OutOfProcClient.Win32", "RuntimeRegCom.OutOfProcClient.Win32\RuntimeRegCom.OutOfProcClient.Win32.csproj", "{0DD7D6D8-8CD4-49B3-8AA5-3CA321D521F5}"
EndProject
Project("{8BC9CEB8-8B4A-11D0-8D11-00A0C91BC942}") = "RegFreeComNativeInterfaces", "RegFreeComNativeInterfaces\RegFreeComNativeInterfaces.vcxproj", "{198707BF-25CA-4F36-90DC-A6CFAAFC6C5C}"
	ProjectSection(ProjectDependencies) = postProject
		{78AF6FE7-FC6A-4B13-A42F-06B4CCD434F9} = {78AF6FE7-FC6A-4B13-A42F-06B4CCD434F9}
	EndProjectSection
EndProject
Project("{8BC9CEB8-8B4A-11D0-8D11-00A0C91BC942}") = "RegFreeComResources.x64", "RegFreeComResources\RegFreeComResources.vcxproj", "{D0AF18B1-34AB-4A66-BEC4-7013F6DD6AB6}"
EndProject
Project("{2150E333-8FDC-42A3-9474-1A3956D46DE8}") = "Samples", "Samples", "{76192D29-6506-44E5-9CD4-3F36C3DE1F39}"
EndProject
Project("{FAE04EC0-301F-11D3-BF4B-00C04F79EFBC}") = "NRegFreeCom.IntegrationTests", "NRegFreeCom.IntegrationTests\NRegFreeCom.IntegrationTests.csproj", "{10EEF602-A93B-4844-9C62-5294A77FA484}"
EndProject
Project("{FAE04EC0-301F-11D3-BF4B-00C04F79EFBC}") = "NRegFreeCom.NET35", "NRegFreeCom\NRegFreeCom.NET35.csproj", "{91088DCB-6622-44A8-B5B9-10ED1C977B93}"
EndProject
Global
	GlobalSection(SolutionConfigurationPlatforms) = preSolution
		Debug|Mixed Platforms = Debug|Mixed Platforms
		Release|Mixed Platforms = Release|Mixed Platforms
	EndGlobalSection
	GlobalSection(ProjectConfigurationPlatforms) = postSolution
		{F7B5AE2C-7A0E-4496-A03B-9065C9A9A1C6}.Debug|Mixed Platforms.ActiveCfg = Debug|Any CPU
		{F7B5AE2C-7A0E-4496-A03B-9065C9A9A1C6}.Debug|Mixed Platforms.Build.0 = Debug|Any CPU
		{F7B5AE2C-7A0E-4496-A03B-9065C9A9A1C6}.Release|Mixed Platforms.ActiveCfg = Release|Any CPU
		{F7B5AE2C-7A0E-4496-A03B-9065C9A9A1C6}.Release|Mixed Platforms.Build.0 = Release|Any CPU
		{78AF6FE7-FC6A-4B13-A42F-06B4CCD434F9}.Debug|Mixed Platforms.ActiveCfg = Debug|Win32
		{78AF6FE7-FC6A-4B13-A42F-06B4CCD434F9}.Debug|Mixed Platforms.Build.0 = Debug|Win32
		{78AF6FE7-FC6A-4B13-A42F-06B4CCD434F9}.Release|Mixed Platforms.ActiveCfg = Release|Win32
		{78AF6FE7-FC6A-4B13-A42F-06B4CCD434F9}.Release|Mixed Platforms.Build.0 = Release|Win32
		{318D444F-8E6D-4823-9F14-9F61F7698B68}.Debug|Mixed Platforms.ActiveCfg = Debug|Any CPU
		{318D444F-8E6D-4823-9F14-9F61F7698B68}.Debug|Mixed Platforms.Build.0 = Debug|Any CPU
		{318D444F-8E6D-4823-9F14-9F61F7698B68}.Release|Mixed Platforms.ActiveCfg = Release|Any CPU
		{318D444F-8E6D-4823-9F14-9F61F7698B68}.Release|Mixed Platforms.Build.0 = Release|Any CPU
		{C339E9CB-1B3A-466F-9F91-BD324BA2FCAE}.Debug|Mixed Platforms.ActiveCfg = Debug|x86
		{C339E9CB-1B3A-466F-9F91-BD324BA2FCAE}.Debug|Mixed Platforms.Build.0 = Debug|x86
		{C339E9CB-1B3A-466F-9F91-BD324BA2FCAE}.Release|Mixed Platforms.ActiveCfg = Release|x86
		{C339E9CB-1B3A-466F-9F91-BD324BA2FCAE}.Release|Mixed Platforms.Build.0 = Release|x86
		{F3F9979A-65FE-4098-920D-9FB075BC3C7E}.Debug|Mixed Platforms.ActiveCfg = Debug|Any CPU
		{F3F9979A-65FE-4098-920D-9FB075BC3C7E}.Debug|Mixed Platforms.Build.0 = Debug|Any CPU
		{F3F9979A-65FE-4098-920D-9FB075BC3C7E}.Release|Mixed Platforms.ActiveCfg = Release|Any CPU
		{F3F9979A-65FE-4098-920D-9FB075BC3C7E}.Release|Mixed Platforms.Build.0 = Release|Any CPU
		{6623CA71-25DF-4A93-9688-152CE7C24908}.Debug|Mixed Platforms.ActiveCfg = Debug|Win32
		{6623CA71-25DF-4A93-9688-152CE7C24908}.Debug|Mixed Platforms.Build.0 = Debug|Win32
		{6623CA71-25DF-4A93-9688-152CE7C24908}.Release|Mixed Platforms.ActiveCfg = Release|Win32
		{6623CA71-25DF-4A93-9688-152CE7C24908}.Release|Mixed Platforms.Build.0 = Release|Win32
		{246BA468-AF8A-4BEE-B89D-A76BC87639B3}.Debug|Mixed Platforms.ActiveCfg = Debug|x86
		{246BA468-AF8A-4BEE-B89D-A76BC87639B3}.Debug|Mixed Platforms.Build.0 = Debug|x86
		{246BA468-AF8A-4BEE-B89D-A76BC87639B3}.Release|Mixed Platforms.ActiveCfg = Release|x86
		{246BA468-AF8A-4BEE-B89D-A76BC87639B3}.Release|Mixed Platforms.Build.0 = Release|x86
		{7B4FB722-905A-4851-8399-1E0F3361CCD8}.Debug|Mixed Platforms.ActiveCfg = Debug|x86
		{7B4FB722-905A-4851-8399-1E0F3361CCD8}.Debug|Mixed Platforms.Build.0 = Debug|x86
		{7B4FB722-905A-4851-8399-1E0F3361CCD8}.Release|Mixed Platforms.ActiveCfg = Release|x86
		{7B4FB722-905A-4851-8399-1E0F3361CCD8}.Release|Mixed Platforms.Build.0 = Release|x86
		{F952915F-DF3C-4068-B79D-A1475905A985}.Debug|Mixed Platforms.ActiveCfg = Debug|x86
		{F952915F-DF3C-4068-B79D-A1475905A985}.Debug|Mixed Platforms.Build.0 = Debug|x86
		{F952915F-DF3C-4068-B79D-A1475905A985}.Release|Mixed Platforms.ActiveCfg = Release|x86
		{F952915F-DF3C-4068-B79D-A1475905A985}.Release|Mixed Platforms.Build.0 = Release|x86
		{CC23D6DF-245D-4D2D-915D-7CF3ACE72BD3}.Debug|Mixed Platforms.ActiveCfg = Debug|Win32
		{CC23D6DF-245D-4D2D-915D-7CF3ACE72BD3}.Debug|Mixed Platforms.Build.0 = Debug|Win32
		{CC23D6DF-245D-4D2D-915D-7CF3ACE72BD3}.Release|Mixed Platforms.ActiveCfg = Release|Win32
		{CC23D6DF-245D-4D2D-915D-7CF3ACE72BD3}.Release|Mixed Platforms.Build.0 = Release|Win32
		{43F37471-7928-4FEA-B865-0241A1EB328D}.Debug|Mixed Platforms.ActiveCfg = Debug|Win32
		{43F37471-7928-4FEA-B865-0241A1EB328D}.Debug|Mixed Platforms.Build.0 = Debug|Win32
		{43F37471-7928-4FEA-B865-0241A1EB328D}.Release|Mixed Platforms.ActiveCfg = Release|Win32
		{43F37471-7928-4FEA-B865-0241A1EB328D}.Release|Mixed Platforms.Build.0 = Release|Win32
		{0F1DA357-D2F0-486F-A0E5-CC4B4B4575C1}.Debug|Mixed Platforms.ActiveCfg = Debug|Any CPU
		{0F1DA357-D2F0-486F-A0E5-CC4B4B4575C1}.Debug|Mixed Platforms.Build.0 = Debug|Any CPU
		{0F1DA357-D2F0-486F-A0E5-CC4B4B4575C1}.Release|Mixed Platforms.ActiveCfg = Release|Any CPU
		{0F1DA357-D2F0-486F-A0E5-CC4B4B4575C1}.Release|Mixed Platforms.Build.0 = Release|Any CPU
		{0DD7D6D8-8CD4-49B3-8AA5-3CA321D521F5}.Debug|Mixed Platforms.ActiveCfg = Debug|Any CPU
		{0DD7D6D8-8CD4-49B3-8AA5-3CA321D521F5}.Debug|Mixed Platforms.Build.0 = Debug|Any CPU
		{0DD7D6D8-8CD4-49B3-8AA5-3CA321D521F5}.Release|Mixed Platforms.ActiveCfg = Release|Any CPU
		{0DD7D6D8-8CD4-49B3-8AA5-3CA321D521F5}.Release|Mixed Platforms.Build.0 = Release|Any CPU
		{198707BF-25CA-4F36-90DC-A6CFAAFC6C5C}.Debug|Mixed Platforms.ActiveCfg = Debug|Win32
		{198707BF-25CA-4F36-90DC-A6CFAAFC6C5C}.Debug|Mixed Platforms.Build.0 = Debug|Win32
		{198707BF-25CA-4F36-90DC-A6CFAAFC6C5C}.Release|Mixed Platforms.ActiveCfg = Release|Win32
		{198707BF-25CA-4F36-90DC-A6CFAAFC6C5C}.Release|Mixed Platforms.Build.0 = Release|Win32
		{D0AF18B1-34AB-4A66-BEC4-7013F6DD6AB6}.Debug|Mixed Platforms.ActiveCfg = Debug|x64
		{D0AF18B1-34AB-4A66-BEC4-7013F6DD6AB6}.Debug|Mixed Platforms.Build.0 = Debug|x64
		{D0AF18B1-34AB-4A66-BEC4-7013F6DD6AB6}.Release|Mixed Platforms.ActiveCfg = Release|x64
		{D0AF18B1-34AB-4A66-BEC4-7013F6DD6AB6}.Release|Mixed Platforms.Build.0 = Release|x64
		{10EEF602-A93B-4844-9C62-5294A77FA484}.Debug|Mixed Platforms.ActiveCfg = Debug|Any CPU
		{10EEF602-A93B-4844-9C62-5294A77FA484}.Debug|Mixed Platforms.Build.0 = Debug|Any CPU
		{10EEF602-A93B-4844-9C62-5294A77FA484}.Release|Mixed Platforms.ActiveCfg = Release|Any CPU
		{10EEF602-A93B-4844-9C62-5294A77FA484}.Release|Mixed Platforms.Build.0 = Release|Any CPU
		{91088DCB-6622-44A8-B5B9-10ED1C977B93}.Debug|Mixed Platforms.ActiveCfg = Debug|Any CPU
		{91088DCB-6622-44A8-B5B9-10ED1C977B93}.Debug|Mixed Platforms.Build.0 = Debug|Any CPU
		{91088DCB-6622-44A8-B5B9-10ED1C977B93}.Release|Mixed Platforms.ActiveCfg = Release|Any CPU
		{91088DCB-6622-44A8-B5B9-10ED1C977B93}.Release|Mixed Platforms.Build.0 = Release|Any CPU
	EndGlobalSection
	GlobalSection(SolutionProperties) = preSolution
		HideSolutionNode = FALSE
	EndGlobalSection
	GlobalSection(NestedProjects) = preSolution
		{318D444F-8E6D-4823-9F14-9F61F7698B68} = {76192D29-6506-44E5-9CD4-3F36C3DE1F39}
		{C339E9CB-1B3A-466F-9F91-BD324BA2FCAE} = {76192D29-6506-44E5-9CD4-3F36C3DE1F39}
		{F3F9979A-65FE-4098-920D-9FB075BC3C7E} = {76192D29-6506-44E5-9CD4-3F36C3DE1F39}
		{6623CA71-25DF-4A93-9688-152CE7C24908} = {76192D29-6506-44E5-9CD4-3F36C3DE1F39}
		{246BA468-AF8A-4BEE-B89D-A76BC87639B3} = {76192D29-6506-44E5-9CD4-3F36C3DE1F39}
		{7B4FB722-905A-4851-8399-1E0F3361CCD8} = {76192D29-6506-44E5-9CD4-3F36C3DE1F39}
		{CC23D6DF-245D-4D2D-915D-7CF3ACE72BD3} = {76192D29-6506-44E5-9CD4-3F36C3DE1F39}
		{43F37471-7928-4FEA-B865-0241A1EB328D} = {76192D29-6506-44E5-9CD4-3F36C3DE1F39}
		{0F1DA357-D2F0-486F-A0E5-CC4B4B4575C1} = {76192D29-6506-44E5-9CD4-3F36C3DE1F39}
		{0DD7D6D8-8CD4-49B3-8AA5-3CA321D521F5} = {76192D29-6506-44E5-9CD4-3F36C3DE1F39}
		{198707BF-25CA-4F36-90DC-A6CFAAFC6C5C} = {76192D29-6506-44E5-9CD4-3F36C3DE1F39}
		{D0AF18B1-34AB-4A66-BEC4-7013F6DD6AB6} = {76192D29-6506-44E5-9CD4-3F36C3DE1F39}
		{78AF6FE7-FC6A-4B13-A42F-06B4CCD434F9} = {76192D29-6506-44E5-9CD4-3F36C3DE1F39}
		{10EEF602-A93B-4844-9C62-5294A77FA484} = {76192D29-6506-44E5-9CD4-3F36C3DE1F39}
	EndGlobalSection
EndGlobal
